// !$*UTF8*$!
{
	archiveVersion = 1;
	classes = {
	};
	objectVersion = 46;
	objects = {

/* Begin PBXBuildFile section */
		AA010BE51D3A2076001438EB /* AppDelegate.swift in Sources */ = {isa = PBXBuildFile; fileRef = AA010BE41D3A2076001438EB /* AppDelegate.swift */; };
		AA010BE71D3A2076001438EB /* ViewController.swift in Sources */ = {isa = PBXBuildFile; fileRef = AA010BE61D3A2076001438EB /* ViewController.swift */; };
		AA010BEA1D3A2076001438EB /* Main.storyboard in Resources */ = {isa = PBXBuildFile; fileRef = AA010BE81D3A2076001438EB /* Main.storyboard */; };
		AA010BEC1D3A2076001438EB /* Assets.xcassets in Resources */ = {isa = PBXBuildFile; fileRef = AA010BEB1D3A2076001438EB /* Assets.xcassets */; };
		AA010BEF1D3A2076001438EB /* LaunchScreen.storyboard in Resources */ = {isa = PBXBuildFile; fileRef = AA010BED1D3A2076001438EB /* LaunchScreen.storyboard */; };
/* End PBXBuildFile section */

/* Begin PBXFileReference section */
		AA010BE11D3A2076001438EB /* Licznik Przycisniec.app */ = {isa = PBXFileReference; explicitFileType = wrapper.application; includeInIndex = 0; path = "Licznik Przycisniec.app"; sourceTree = BUILT_PRODUCTS_DIR; };
		AA010BE41D3A2076001438EB /* AppDelegate.swift */ = {isa = PBXFileReference; lastKnownFileType = sourcecode.swift; path = AppDelegate.swift; sourceTree = "<group>"; };
		AA010BE61D3A2076001438EB /* ViewController.swift */ = {isa = PBXFileReference; lastKnownFileType = sourcecode.swift; path = ViewController.swift; sourceTree = "<group>"; };
		AA010BE91D3A2076001438EB /* Base */ = {isa = PBXFileReference; lastKnownFileType = file.storyboard; name = Base; path = Base.lproj/Main.storyboard; sourceTree = "<group>"; };
		AA010BEB1D3A2076001438EB /* Assets.xcassets */ = {isa = PBXFileReference; lastKnownFileType = folder.assetcatalog; path = Assets.xcassets; sourceTree = "<group>"; };
		AA010BEE1D3A2076001438EB /* Base */ = {isa = PBXFileReference; lastKnownFileType = file.storyboard; name = Base; path = Base.lproj/LaunchScreen.storyboard; sourceTree = "<group>"; };
		AA010BF01D3A2076001438EB /* Info.plist */ = {isa = PBXFileReference; lastKnownFileType = text.plist.xml; path = Info.plist; sourceTree = "<group>"; };
/* End PBXFileReference section */

/* Begin PBXFrameworksBuildPhase section */
		AA010BDE1D3A2076001438EB /* Frameworks */ = {
			isa = PBXFrameworksBuildPhase;
			buildActionMask = 2147483647;
			files = (
			);
			runOnlyForDeploymentPostprocessing = 0;
		};
/* End PBXFrameworksBuildPhase section */

/* Begin PBXGroup section */
		AA010BD81D3A2076001438EB = {
			isa = PBXGroup;
			children = (
				AA010BE31D3A2076001438EB /* Licznik Przycisniec */,
				AA010BE21D3A2076001438EB /* Products */,
			);
			sourceTree = "<group>";
		};
		AA010BE21D3A2076001438EB /* Products */ = {
			isa = PBXGroup;
			children = (
				AA010BE11D3A2076001438EB /* Licznik Przycisniec.app */,
			);
			name = Products;
			sourceTree = "<group>";
		};
		AA010BE31D3A2076001438EB /* Licznik Przycisniec */ = {
			isa = PBXGroup;
			children = (
				AA010BE41D3A2076001438EB /* AppDelegate.swift */,
				AA010BE61D3A2076001438EB /* ViewController.swift */,
				AA010BE81D3A2076001438EB /* Main.storyboard */,
				AA010BEB1D3A2076001438EB /* Assets.xcassets */,
				AA010BED1D3A2076001438EB /* LaunchScreen.storyboard */,
				AA010BF01D3A2076001438EB /* Info.plist */,
			);
			path = "Licznik Przycisniec";
			sourceTree = "<group>";
		};
/* End PBXGroup section */

/* Begin PBXNativeTarget section */
		AA010BE01D3A2076001438EB /* Licznik Przycisniec */ = {
			isa = PBXNativeTarget;
			buildConfigurationList = AA010BF31D3A2076001438EB /* Build configuration list for PBXNativeTarget "Licznik Przycisniec" */;
			buildPhases = (
				AA010BDD1D3A2076001438EB /* Sources */,
				AA010BDE1D3A2076001438EB /* Frameworks */,
				AA010BDF1D3A2076001438EB /* Resources */,
			);
			buildRules = (
			);
			dependencies = (
			);
			name = "Licznik Przycisniec";
			productName = "Licznik Przycisniec";
			productReference = AA010BE11D3A2076001438EB /* Licznik Przycisniec.app */;
			productType = "com.apple.product-type.application";
		};
/* End PBXNativeTarget section */

/* Begin PBXProject section */
		AA010BD91D3A2076001438EB /* Project object */ = {
			isa = PBXProject;
			attributes = {
				LastSwiftUpdateCheck = 0730;
				LastUpgradeCheck = 0830;
				ORGANIZATIONNAME = "Seweryn Kotowski";
				TargetAttributes = {
					AA010BE01D3A2076001438EB = {
						CreatedOnToolsVersion = 7.3.1;
						DevelopmentTeam = K9NVUGDZBA;
						LastSwiftMigration = 0820;
					};
				};
			};
			buildConfigurationList = AA010BDC1D3A2076001438EB /* Build configuration list for PBXProject "Licznik Przycisniec" */;
			compatibilityVersion = "Xcode 3.2";
			developmentRegion = English;
			hasScannedForEncodings = 0;
			knownRegions = (
				en,
				Base,
			);
			mainGroup = AA010BD81D3A2076001438EB;
			productRefGroup = AA010BE21D3A2076001438EB /* Products */;
			projectDirPath = "";
			projectRoot = "";
			targets = (
				AA010BE01D3A2076001438EB /* Licznik Przycisniec */,
			);
		};
/* End PBXProject section */

/* Begin PBXResourcesBuildPhase section */
		AA010BDF1D3A2076001438EB /* Resources */ = {
			isa = PBXResourcesBuildPhase;
			buildActionMask = 2147483647;
			files = (
				AA010BEF1D3A2076001438EB /* LaunchScreen.storyboard in Resources */,
				AA010BEC1D3A2076001438EB /* Assets.xcassets in Resources */,
				AA010BEA1D3A2076001438EB /* Main.storyboard in Resources */,
			);
			runOnlyForDeploymentPostprocessing = 0;
		};
/* End PBXResourcesBuildPhase section */

/* Begin PBXSourcesBuildPhase section */
		AA010BDD1D3A2076001438EB /* Sources */ = {
			isa = PBXSourcesBuildPhase;
			buildActionMask = 2147483647;
			files = (
				AA010BE71D3A2076001438EB /* ViewController.swift in Sources */,
				AA010BE51D3A2076001438EB /* AppDelegate.swift in Sources */,
			);
			runOnlyForDeploymentPostprocessing = 0;
		};
/* End PBXSourcesBuildPhase section */

/* Begin PBXVariantGroup section */
		AA010BE81D3A2076001438EB /* Main.storyboard */ = {
			isa = PBXVariantGroup;
			children = (
				AA010BE91D3A2076001438EB /* Base */,
			);
			name = Main.storyboard;
			sourceTree = "<group>";
		};
		AA010BED1D3A2076001438EB /* LaunchScreen.storyboard */ = {
			isa = PBXVariantGroup;
			children = (
				AA010BEE1D3A2076001438EB /* Base */,
			);
			name = LaunchScreen.storyboard;
			sourceTree = "<group>";
		};
/* End PBXVariantGroup section */

/* Begin XCBuildConfiguration section */
		AA010BF11D3A2076001438EB /* Debug */ = {
			isa = XCBuildConfiguration;
			buildSettings = {
				ALWAYS_SEARCH_USER_PATHS = NO;
				CLANG_ANALYZER_NONNULL = YES;
				CLANG_CXX_LANGUAGE_STANDARD = "gnu++0x";
				CLANG_CXX_LIBRARY = "libc++";
				CLANG_ENABLE_MODULES = YES;
				CLANG_ENABLE_OBJC_ARC = YES;
				CLANG_WARN_BOOL_CONVERSION = YES;
				CLANG_WARN_CONSTANT_CONVERSION = YES;
				CLANG_WARN_DIRECT_OBJC_ISA_USAGE = YES_ERROR;
				CLANG_WARN_EMPTY_BODY = YES;
				CLANG_WARN_ENUM_CONVERSION = YES;
				CLANG_WARN_INFINITE_RECURSION = YES;
				CLANG_WARN_INT_CONVERSION = YES;
				CLANG_WARN_OBJC_ROOT_CLASS = YES_ERROR;
				CLANG_WARN_SUSPICIOUS_MOVE = YES;
				CLANG_WARN_UNREACHABLE_CODE = YES;
				CLANG_WARN__DUPLICATE_METHOD_MATCH = YES;
				"CODE_SIGN_IDENTITY[sdk=iphoneos*]" = "iPhone Developer";
				COPY_PHASE_STRIP = NO;
				DEBUG_INFORMATION_FORMAT = dwarf;
				ENABLE_STRICT_OBJC_MSGSEND = YES;
				ENABLE_TESTABILITY = YES;
				GCC_C_LANGUAGE_STANDARD = gnu99;
				GCC_DYNAMIC_NO_PIC = NO;
				GCC_NO_COMMON_BLOCKS = YES;
				GCC_OPTIMIZATION_LEVEL = 0;
				GCC_PREPROCESSOR_DEFINITIONS = (
					"DEBUG=1",
					"$(inherited)",
				);
				GCC_WARN_64_TO_32_BIT_CONVERSION = YES;
				GCC_WARN_ABOUT_RETURN_TYPE = YES_ERROR;
				GCC_WARN_UNDECLARED_SELECTOR = YES;
				GCC_WARN_UNINITIALIZED_AUTOS = YES_AGGRESSIVE;
				GCC_WARN_UNUSED_FUNCTION = YES;
				GCC_WARN_UNUSED_VARIABLE = YES;
				IPHONEOS_DEPLOYMENT_TARGET = 9.3;
				MTL_ENABLE_DEBUG_INFO = YES;
				ONLY_ACTIVE_ARCH = YES;
				SDKROOT = iphoneos;
				SWIFT_OPTIMIZATION_LEVEL = "-Onone";
			};
			name = Debug;
		};
		AA010BF21D3A2076001438EB /* Release */ = {
			isa = XCBuildConfiguration;
			buildSettings = {
				ALWAYS_SEARCH_USER_PATHS = NO;
				CLANG_ANALYZER_NONNULL = YES;
				CLANG_CXX_LANGUAGE_STANDARD = "gnu++0x";
				CLANG_CXX_LIBRARY = "libc++";
				CLANG_ENABLE_MODULES = YES;
				CLANG_ENABLE_OBJC_ARC = YES;
				CLANG_WARN_BOOL_CONVERSION = YES;
				CLANG_WARN_CONSTANT_CONVERSION = YES;
				CLANG_WARN_DIRECT_OBJC_ISA_USAGE = YES_ERROR;
				CLANG_WARN_EMPTY_BODY = YES;
				CLANG_WARN_ENUM_CONVERSION = YES;
				CLANG_WARN_INFINITE_RECURSION = YES;
				CLANG_WARN_INT_CONVERSION = YES;
				CLANG_WARN_OBJC_ROOT_CLASS = YES_ERROR;
				CLANG_WARN_SUSPICIOUS_MOVE = YES;
				CLANG_WARN_UNREACHABLE_CODE = YES;
				CLANG_WARN__DUPLICATE_METHOD_MATCH = YES;
				"CODE_SIGN_IDENTITY[sdk=iphoneos*]" = "iPhone Developer";
				COPY_PHASE_STRIP = NO;
				DEBUG_INFORMATION_FORMAT = "dwarf-with-dsym";
				ENABLE_NS_ASSERTIONS = NO;
				ENABLE_STRICT_OBJC_MSGSEND = YES;
				GCC_C_LANGUAGE_STANDARD = gnu99;
				GCC_NO_COMMON_BLOCKS = YES;
				GCC_WARN_64_TO_32_BIT_CONVERSION = YES;
				GCC_WARN_ABOUT_RETURN_TYPE = YES_ERROR;
				GCC_WARN_UNDECLARED_SELECTOR = YES;
				GCC_WARN_UNINITIALIZED_AUTOS = YES_AGGRESSIVE;
				GCC_WARN_UNUSED_FUNCTION = YES;
				GCC_WARN_UNUSED_VARIABLE = YES;
				IPHONEOS_DEPLOYMENT_TARGET = 9.3;
				MTL_ENABLE_DEBUG_INFO = NO;
				SDKROOT = iphoneos;
				SWIFT_OPTIMIZATION_LEVEL = "-Owholemodule";
				VALIDATE_PRODUCT = YES;
			};
			name = Release;
		};
		AA010BF41D3A2076001438EB /* Debug */ = {
			isa = XCBuildConfiguration;
			buildSettings = {
				ASSETCATALOG_COMPILER_APPICON_NAME = AppIcon;
				INFOPLIST_FILE = "Licznik Przycisniec/Info.plist";
				IPHONEOS_DEPLOYMENT_TARGET = 9.0;
				LD_RUNPATH_SEARCH_PATHS = "$(inherited) @executable_path/Frameworks";
				PRODUCT_BUNDLE_IDENTIFIER = "Sewerynop.Licznik-Przycisniec";
				PRODUCT_NAME = "$(TARGET_NAME)";
				SWIFT_VERSION = 3.0;
			};
			name = Debug;
		};
		AA010BF51D3A2076001438EB /* Release */ = {
			isa = XCBuildConfiguration;
			buildSettings = {
				ASSETCATALOG_COMPILER_APPICON_NAME = AppIcon;
				INFOPLIST_FILE = "Licznik Przycisniec/Info.plist";
				IPHONEOS_DEPLOYMENT_TARGET = 9.0;
				LD_RUNPATH_SEARCH_PATHS = "$(inherited) @executable_path/Frameworks";
				PRODUCT_BUNDLE_IDENTIFIER = "Sewerynop.Licznik-Przycisniec";
				PRODUCT_NAME = "$(TARGET_NAME)";
				SWIFT_VERSION = 3.0;
			};
			name = Release;
		};
/* End XCBuildConfiguration section */

/* Begin XCConfigurationList section */
		AA010BDC1D3A2076001438EB /* Build configuration list for PBXProject "Licznik Przycisniec" */ = {
			isa = XCConfigurationList;
			buildConfigurations = (
				AA010BF11D3A2076001438EB /* Debug */,
				AA010BF21D3A2076001438EB /* Release */,
			);
			defaultConfigurationIsVisible = 0;
			defaultConfigurationName = Release;
		};
		AA010BF31D3A2076001438EB /* Build configuration list for PBXNativeTarget "Licznik Przycisniec" */ = {
			isa = XCConfigurationList;
			buildConfigurations = (
				AA010BF41D3A2076001438EB /* Debug */,
				AA010BF51D3A2076001438EB /* Release */,
			);
			defaultConfigurationIsVisible = 0;
			defaultConfigurationName = Release;
		};
/* End XCConfigurationList section */
	};
	rootObject = AA010BD91D3A2076001438EB /* Project object */;
}
